// !$*UTF8*$!
{
	archiveVersion = 1;
	classes = {
	};
	objectVersion = 50;
	objects = {

/* Begin PBXBuildFile section */
		096687A9229BA2FE006E6BC4 /* fireworks.mp3 in Resources */ = {isa = PBXBuildFile; fileRef = 096687A8229BA2FE006E6BC4 /* fireworks.mp3 */; };
		09E36004228D67720001188D /* AppDelegate.swift in Sources */ = {isa = PBXBuildFile; fileRef = 09E36003228D67720001188D /* AppDelegate.swift */; };
		09E36006228D67720001188D /* ViewController.swift in Sources */ = {isa = PBXBuildFile; fileRef = 09E36005228D67720001188D /* ViewController.swift */; };
		09E36009228D67720001188D /* Main.storyboard in Resources */ = {isa = PBXBuildFile; fileRef = 09E36007228D67720001188D /* Main.storyboard */; };
		09E3600C228D67720001188D /* HappyKuy.xcdatamodeld in Sources */ = {isa = PBXBuildFile; fileRef = 09E3600A228D67720001188D /* HappyKuy.xcdatamodeld */; };
		09E3600E228D67730001188D /* Assets.xcassets in Resources */ = {isa = PBXBuildFile; fileRef = 09E3600D228D67730001188D /* Assets.xcassets */; };
		09E36011228D67730001188D /* LaunchScreen.storyboard in Resources */ = {isa = PBXBuildFile; fileRef = 09E3600F228D67730001188D /* LaunchScreen.storyboard */; };
		09E36019228D68FC0001188D /* ImageViewRounded.swift in Sources */ = {isa = PBXBuildFile; fileRef = 09E36018228D68FC0001188D /* ImageViewRounded.swift */; };
/* End PBXBuildFile section */

/* Begin PBXFileReference section */
		096687A8229BA2FE006E6BC4 /* fireworks.mp3 */ = {isa = PBXFileReference; lastKnownFileType = audio.mp3; name = fireworks.mp3; path = ../../../Downloads/fireworks.mp3; sourceTree = "<group>"; };
		09E36000228D67720001188D /* HappyKuy.app */ = {isa = PBXFileReference; explicitFileType = wrapper.application; includeInIndex = 0; path = HappyKuy.app; sourceTree = BUILT_PRODUCTS_DIR; };
		09E36003228D67720001188D /* AppDelegate.swift */ = {isa = PBXFileReference; lastKnownFileType = sourcecode.swift; path = AppDelegate.swift; sourceTree = "<group>"; };
		09E36005228D67720001188D /* ViewController.swift */ = {isa = PBXFileReference; lastKnownFileType = sourcecode.swift; path = ViewController.swift; sourceTree = "<group>"; };
		09E36008228D67720001188D /* Base */ = {isa = PBXFileReference; lastKnownFileType = file.storyboard; name = Base; path = Base.lproj/Main.storyboard; sourceTree = "<group>"; };
		09E3600B228D67720001188D /* HappyKuy.xcdatamodel */ = {isa = PBXFileReference; lastKnownFileType = wrapper.xcdatamodel; path = HappyKuy.xcdatamodel; sourceTree = "<group>"; };
		09E3600D228D67730001188D /* Assets.xcassets */ = {isa = PBXFileReference; lastKnownFileType = folder.assetcatalog; path = Assets.xcassets; sourceTree = "<group>"; };
		09E36010228D67730001188D /* Base */ = {isa = PBXFileReference; lastKnownFileType = file.storyboard; name = Base; path = Base.lproj/LaunchScreen.storyboard; sourceTree = "<group>"; };
		09E36012228D67730001188D /* Info.plist */ = {isa = PBXFileReference; lastKnownFileType = text.plist.xml; path = Info.plist; sourceTree = "<group>"; };
		09E36018228D68FC0001188D /* ImageViewRounded.swift */ = {isa = PBXFileReference; lastKnownFileType = sourcecode.swift; path = ImageViewRounded.swift; sourceTree = "<group>"; };
/* End PBXFileReference section */

/* Begin PBXFrameworksBuildPhase section */
		09E35FFD228D67720001188D /* Frameworks */ = {
			isa = PBXFrameworksBuildPhase;
			buildActionMask = 2147483647;
			files = (
			);
			runOnlyForDeploymentPostprocessing = 0;
		};
/* End PBXFrameworksBuildPhase section */

/* Begin PBXGroup section */
		096687A7229BA29D006E6BC4 /* sounds */ = {
			isa = PBXGroup;
			children = (
				096687A8229BA2FE006E6BC4 /* fireworks.mp3 */,
			);
			path = sounds;
			sourceTree = "<group>";
		};
		09E35FF7228D67720001188D = {
			isa = PBXGroup;
			children = (
				096687A7229BA29D006E6BC4 /* sounds */,
				09E36002228D67720001188D /* HappyKuy */,
				09E36001228D67720001188D /* Products */,
			);
			sourceTree = "<group>";
		};
		09E36001228D67720001188D /* Products */ = {
			isa = PBXGroup;
			children = (
				09E36000228D67720001188D /* HappyKuy.app */,
			);
			name = Products;
			sourceTree = "<group>";
		};
		09E36002228D67720001188D /* HappyKuy */ = {
			isa = PBXGroup;
			children = (
				09E36003228D67720001188D /* AppDelegate.swift */,
				09E36005228D67720001188D /* ViewController.swift */,
				09E36007228D67720001188D /* Main.storyboard */,
				09E3600D228D67730001188D /* Assets.xcassets */,
				09E3600F228D67730001188D /* LaunchScreen.storyboard */,
				09E36012228D67730001188D /* Info.plist */,
				09E3600A228D67720001188D /* HappyKuy.xcdatamodeld */,
				09E36018228D68FC0001188D /* ImageViewRounded.swift */,
			);
			path = HappyKuy;
			sourceTree = "<group>";
		};
/* End PBXGroup section */

/* Begin PBXNativeTarget section */
		09E35FFF228D67720001188D /* HappyKuy */ = {
			isa = PBXNativeTarget;
			buildConfigurationList = 09E36015228D67730001188D /* Build configuration list for PBXNativeTarget "HappyKuy" */;
			buildPhases = (
				09E35FFC228D67720001188D /* Sources */,
				09E35FFD228D67720001188D /* Frameworks */,
				09E35FFE228D67720001188D /* Resources */,
			);
			buildRules = (
			);
			dependencies = (
			);
			name = HappyKuy;
			productName = HappyKuy;
			productReference = 09E36000228D67720001188D /* HappyKuy.app */;
			productType = "com.apple.product-type.application";
		};
/* End PBXNativeTarget section */

/* Begin PBXProject section */
		09E35FF8228D67720001188D /* Project object */ = {
			isa = PBXProject;
			attributes = {
				LastSwiftUpdateCheck = 1020;
				LastUpgradeCheck = 1020;
				ORGANIZATIONNAME = "Pacak Man";
				TargetAttributes = {
					09E35FFF228D67720001188D = {
						CreatedOnToolsVersion = 10.2;
					};
				};
			};
			buildConfigurationList = 09E35FFB228D67720001188D /* Build configuration list for PBXProject "HappyKuy" */;
			compatibilityVersion = "Xcode 9.3";
			developmentRegion = en;
			hasScannedForEncodings = 0;
			knownRegions = (
				en,
				Base,
			);
			mainGroup = 09E35FF7228D67720001188D;
			productRefGroup = 09E36001228D67720001188D /* Products */;
			projectDirPath = "";
			projectRoot = "";
			targets = (
				09E35FFF228D67720001188D /* HappyKuy */,
			);
		};
/* End PBXProject section */

/* Begin PBXResourcesBuildPhase section */
		09E35FFE228D67720001188D /* Resources */ = {
			isa = PBXResourcesBuildPhase;
			buildActionMask = 2147483647;
			files = (
				09E36011228D67730001188D /* LaunchScreen.storyboard in Resources */,
				09E3600E228D67730001188D /* Assets.xcassets in Resources */,
				09E36009228D67720001188D /* Main.storyboard in Resources */,
				096687A9229BA2FE006E6BC4 /* fireworks.mp3 in Resources */,
			);
			runOnlyForDeploymentPostprocessing = 0;
		};
/* End PBXResourcesBuildPhase section */

/* Begin PBXSourcesBuildPhase section */
		09E35FFC228D67720001188D /* Sources */ = {
			isa = PBXSourcesBuildPhase;
			buildActionMask = 2147483647;
			files = (
				09E36019228D68FC0001188D /* ImageViewRounded.swift in Sources */,
				09E36006228D67720001188D /* ViewController.swift in Sources */,
				09E36004228D67720001188D /* AppDelegate.swift in Sources */,
				09E3600C228D67720001188D /* HappyKuy.xcdatamodeld in Sources */,
			);
			runOnlyForDeploymentPostprocessing = 0;
		};
/* End PBXSourcesBuildPhase section */

/* Begin PBXVariantGroup section */
		09E36007228D67720001188D /* Main.storyboard */ = {
			isa = PBXVariantGroup;
			children = (
				09E36008228D67720001188D /* Base */,
			);
			name = Main.storyboard;
			sourceTree = "<group>";
		};
		09E3600F228D67730001188D /* LaunchScreen.storyboard */ = {
			isa = PBXVariantGroup;
			children = (
				09E36010228D67730001188D /* Base */,
			);
			name = LaunchScreen.storyboard;
			sourceTree = "<group>";
		};
/* End PBXVariantGroup section */

/* Begin XCBuildConfiguration section */
		09E36013228D67730001188D /* Debug */ = {
			isa = XCBuildConfiguration;
			buildSettings = {
				ALWAYS_SEARCH_USER_PATHS = NO;
				CLANG_ANALYZER_NONNULL = YES;
				CLANG_ANALYZER_NUMBER_OBJECT_CONVERSION = YES_AGGRESSIVE;
				CLANG_CXX_LANGUAGE_STANDARD = "gnu++14";
				CLANG_CXX_LIBRARY = "libc++";
				CLANG_ENABLE_MODULES = YES;
				CLANG_ENABLE_OBJC_ARC = YES;
				CLANG_ENABLE_OBJC_WEAK = YES;
				CLANG_WARN_BLOCK_CAPTURE_AUTORELEASING = YES;
				CLANG_WARN_BOOL_CONVERSION = YES;
				CLANG_WARN_COMMA = YES;
				CLANG_WARN_CONSTANT_CONVERSION = YES;
				CLANG_WARN_DEPRECATED_OBJC_IMPLEMENTATIONS = YES;
				CLANG_WARN_DIRECT_OBJC_ISA_USAGE = YES_ERROR;
				CLANG_WARN_DOCUMENTATION_COMMENTS = YES;
				CLANG_WARN_EMPTY_BODY = YES;
				CLANG_WARN_ENUM_CONVERSION = YES;
				CLANG_WARN_INFINITE_RECURSION = YES;
				CLANG_WARN_INT_CONVERSION = YES;
				CLANG_WARN_NON_LITERAL_NULL_CONVERSION = YES;
				CLANG_WARN_OBJC_IMPLICIT_RETAIN_SELF = YES;
				CLANG_WARN_OBJC_LITERAL_CONVERSION = YES;
				CLANG_WARN_OBJC_ROOT_CLASS = YES_ERROR;
				CLANG_WARN_RANGE_LOOP_ANALYSIS = YES;
				CLANG_WARN_STRICT_PROTOTYPES = YES;
				CLANG_WARN_SUSPICIOUS_MOVE = YES;
				CLANG_WARN_UNGUARDED_AVAILABILITY = YES_AGGRESSIVE;
				CLANG_WARN_UNREACHABLE_CODE = YES;
				CLANG_WARN__DUPLICATE_METHOD_MATCH = YES;
				CODE_SIGN_IDENTITY = "iPhone Developer";
				COPY_PHASE_STRIP = NO;
				DEBUG_INFORMATION_FORMAT = dwarf;
				ENABLE_STRICT_OBJC_MSGSEND = YES;
				ENABLE_TESTABILITY = YES;
				GCC_C_LANGUAGE_STANDARD = gnu11;
				GCC_DYNAMIC_NO_PIC = NO;
				GCC_NO_COMMON_BLOCKS = YES;
				GCC_OPTIMIZATION_LEVEL = 0;
				GCC_PREPROCESSOR_DEFINITIONS = (
					"DEBUG=1",
					"$(inherited)",
				);
				GCC_WARN_64_TO_32_BIT_CONVERSION = YES;
				GCC_WARN_ABOUT_RETURN_TYPE = YES_ERROR;
				GCC_WARN_UNDECLARED_SELECTOR = YES;
				GCC_WARN_UNINITIALIZED_AUTOS = YES_AGGRESSIVE;
				GCC_WARN_UNUSED_FUNCTION = YES;
				GCC_WARN_UNUSED_VARIABLE = YES;
				IPHONEOS_DEPLOYMENT_TARGET = 12.2;
				MTL_ENABLE_DEBUG_INFO = INCLUDE_SOURCE;
				MTL_FAST_MATH = YES;
				ONLY_ACTIVE_ARCH = YES;
				SDKROOT = iphoneos;
				SWIFT_ACTIVE_COMPILATION_CONDITIONS = DEBUG;
				SWIFT_OPTIMIZATION_LEVEL = "-Onone";
			};
			name = Debug;
		};
		09E36014228D67730001188D /* Release */ = {
			isa = XCBuildConfiguration;
			buildSettings = {
				ALWAYS_SEARCH_USER_PATHS = NO;
				CLANG_ANALYZER_NONNULL = YES;
				CLANG_ANALYZER_NUMBER_OBJECT_CONVERSION = YES_AGGRESSIVE;
				CLANG_CXX_LANGUAGE_STANDARD = "gnu++14";
				CLANG_CXX_LIBRARY = "libc++";
				CLANG_ENABLE_MODULES = YES;
				CLANG_ENABLE_OBJC_ARC = YES;
				CLANG_ENABLE_OBJC_WEAK = YES;
				CLANG_WARN_BLOCK_CAPTURE_AUTORELEASING = YES;
				CLANG_WARN_BOOL_CONVERSION = YES;
				CLANG_WARN_COMMA = YES;
				CLANG_WARN_CONSTANT_CONVERSION = YES;
				CLANG_WARN_DEPRECATED_OBJC_IMPLEMENTATIONS = YES;
				CLANG_WARN_DIRECT_OBJC_ISA_USAGE = YES_ERROR;
				CLANG_WARN_DOCUMENTATION_COMMENTS = YES;
				CLANG_WARN_EMPTY_BODY = YES;
				CLANG_WARN_ENUM_CONVERSION = YES;
				CLANG_WARN_INFINITE_RECURSION = YES;
				CLANG_WARN_INT_CONVERSION = YES;
				CLANG_WARN_NON_LITERAL_NULL_CONVERSION = YES;
				CLANG_WARN_OBJC_IMPLICIT_RETAIN_SELF = YES;
				CLANG_WARN_OBJC_LITERAL_CONVERSION = YES;
				CLANG_WARN_OBJC_ROOT_CLASS = YES_ERROR;
				CLANG_WARN_RANGE_LOOP_ANALYSIS = YES;
				CLANG_WARN_STRICT_PROTOTYPES = YES;
				CLANG_WARN_SUSPICIOUS_MOVE = YES;
				CLANG_WARN_UNGUARDED_AVAILABILITY = YES_AGGRESSIVE;
				CLANG_WARN_UNREACHABLE_CODE = YES;
				CLANG_WARN__DUPLICATE_METHOD_MATCH = YES;
				CODE_SIGN_IDENTITY = "iPhone Developer";
				COPY_PHASE_STRIP = NO;
				DEBUG_INFORMATION_FORMAT = "dwarf-with-dsym";
				ENABLE_NS_ASSERTIONS = NO;
				ENABLE_STRICT_OBJC_MSGSEND = YES;
				GCC_C_LANGUAGE_STANDARD = gnu11;
				GCC_NO_COMMON_BLOCKS = YES;
				GCC_WARN_64_TO_32_BIT_CONVERSION = YES;
				GCC_WARN_ABOUT_RETURN_TYPE = YES_ERROR;
				GCC_WARN_UNDECLARED_SELECTOR = YES;
				GCC_WARN_UNINITIALIZED_AUTOS = YES_AGGRESSIVE;
				GCC_WARN_UNUSED_FUNCTION = YES;
				GCC_WARN_UNUSED_VARIABLE = YES;
				IPHONEOS_DEPLOYMENT_TARGET = 12.2;
				MTL_ENABLE_DEBUG_INFO = NO;
				MTL_FAST_MATH = YES;
				SDKROOT = iphoneos;
				SWIFT_COMPILATION_MODE = wholemodule;
				SWIFT_OPTIMIZATION_LEVEL = "-O";
				VALIDATE_PRODUCT = YES;
			};
			name = Release;
		};
		09E36016228D67730001188D /* Debug */ = {
			isa = XCBuildConfiguration;
			buildSettings = {
				ASSETCATALOG_COMPILER_APPICON_NAME = AppIcon;
				CODE_SIGN_STYLE = Automatic;
				DEVELOPMENT_TEAM = 2GUBR74QSP;
				INFOPLIST_FILE = HappyKuy/Info.plist;
				LD_RUNPATH_SEARCH_PATHS = (
					"$(inherited)",
					"@executable_path/Frameworks",
				);
				PRODUCT_BUNDLE_IDENTIFIER = pacakman.HappyKuy;
				PRODUCT_NAME = "$(TARGET_NAME)";
				SWIFT_VERSION = 5.0;
				TARGETED_DEVICE_FAMILY = "1,2";
			};
			name = Debug;
		};
		09E36017228D67730001188D /* Release */ = {
			isa = XCBuildConfiguration;
			buildSettings = {
				ASSETCATALOG_COMPILER_APPICON_NAME = AppIcon;
				CODE_SIGN_STYLE = Automatic;
				DEVELOPMENT_TEAM = 2GUBR74QSP;
				INFOPLIST_FILE = HappyKuy/Info.plist;
				LD_RUNPATH_SEARCH_PATHS = (
					"$(inherited)",
					"@executable_path/Frameworks",
				);
				PRODUCT_BUNDLE_IDENTIFIER = pacakman.HappyKuy;
				PRODUCT_NAME = "$(TARGET_NAME)";
				SWIFT_VERSION = 5.0;
				TARGETED_DEVICE_FAMILY = "1,2";
			};
			name = Release;
		};
/* End XCBuildConfiguration section */

/* Begin XCConfigurationList section */
		09E35FFB228D67720001188D /* Build configuration list for PBXProject "HappyKuy" */ = {
			isa = XCConfigurationList;
			buildConfigurations = (
				09E36013228D67730001188D /* Debug */,
				09E36014228D67730001188D /* Release */,
			);
			defaultConfigurationIsVisible = 0;
			defaultConfigurationName = Release;
		};
		09E36015228D67730001188D /* Build configuration list for PBXNativeTarget "HappyKuy" */ = {
			isa = XCConfigurationList;
			buildConfigurations = (
				09E36016228D67730001188D /* Debug */,
				09E36017228D67730001188D /* Release */,
			);
			defaultConfigurationIsVisible = 0;
			defaultConfigurationName = Release;
		};
/* End XCConfigurationList section */

/* Begin XCVersionGroup section */
		09E3600A228D67720001188D /* HappyKuy.xcdatamodeld */ = {
			isa = XCVersionGroup;
			children = (
				09E3600B228D67720001188D /* HappyKuy.xcdatamodel */,
			);
			currentVersion = 09E3600B228D67720001188D /* HappyKuy.xcdatamodel */;
			path = HappyKuy.xcdatamodeld;
			sourceTree = "<group>";
			versionGroupType = wrapper.xcdatamodel;
		};
/* End XCVersionGroup section */
	};
	rootObject = 09E35FF8228D67720001188D /* Project object */;
}
